<?xml version="1.0" encoding="utf-8"?>
<Project ToolsVersion="4.0" xmlns="http://schemas.microsoft.com/developer/msbuild/2003">
  <ItemGroup>
    <Filter Include="소스 파일">
      <UniqueIdentifier>{4FC737F1-C7A5-4376-A066-2A32D752A2FF}</UniqueIdentifier>
      <Extensions>cpp;c;cc;cxx;def;odl;idl;hpj;bat;asm;asmx</Extensions>
    </Filter>
    <Filter Include="헤더 파일">
      <UniqueIdentifier>{93995380-89BD-4b04-88EB-625FBE52EBFB}</UniqueIdentifier>
      <Extensions>h;hh;hpp;hxx;hm;inl;inc;xsd</Extensions>
    </Filter>
    <Filter Include="리소스 파일">
      <UniqueIdentifier>{67DA6AB6-F800-4c08-8B7A-83BB121AAD01}</UniqueIdentifier>
      <Extensions>rc;ico;cur;bmp;dlg;rc2;rct;bin;rgs;gif;jpg;jpeg;jpe;resx;tiff;tif;png;wav;mfcribbon-ms</Extensions>
    </Filter>
    <Filter Include="소스 파일\packet">
      <UniqueIdentifier>{b362bac2-e555-482d-abf1-e51906ddd34f}</UniqueIdentifier>
    </Filter>
    <Filter Include="소스 파일\gameData">
      <UniqueIdentifier>{d5303ff7-9a0e-44ef-a83e-d38650a756ec}</UniqueIdentifier>
    </Filter>
    <Filter Include="소스 파일\io">
      <UniqueIdentifier>{390a4931-22a6-4392-b1d7-c157a4921b3d}</UniqueIdentifier>
    </Filter>
    <Filter Include="소스 파일\main">
      <UniqueIdentifier>{150a1809-1be8-4199-9fee-0178c06c1e43}</UniqueIdentifier>
    </Filter>
    <Filter Include="소스 파일\game">
      <UniqueIdentifier>{f68b2525-a4e3-45da-aae6-9dc1520da815}</UniqueIdentifier>
    </Filter>
    <Filter Include="소스 파일\gameData\Hero">
      <UniqueIdentifier>{75f935ee-2652-4ede-bec8-56e775f50fe0}</UniqueIdentifier>
    </Filter>
    <Filter Include="소스 파일\gameData\Hero\Fighter">
      <UniqueIdentifier>{700b37d9-7ae1-45eb-824d-769039733357}</UniqueIdentifier>
    </Filter>
    <Filter Include="소스 파일\gameData\Hero\Archer">
      <UniqueIdentifier>{f1b63e1e-e3df-4254-bfe6-0bfbc4214311}</UniqueIdentifier>
    </Filter>
    <Filter Include="소스 파일\gameData\Hero\Magician">
      <UniqueIdentifier>{1d73117b-4dc9-4b01-af7d-b931b72915fe}</UniqueIdentifier>
    </Filter>
    <Filter Include="소스 파일\gameData\Hero\Monk">
      <UniqueIdentifier>{b2eeef49-c19a-4ce6-8225-e39c0c5d7d3c}</UniqueIdentifier>
    </Filter>
    <Filter Include="소스 파일\gameData\Hero\Priest">
      <UniqueIdentifier>{13bda574-b750-4b90-82e1-4a239980e479}</UniqueIdentifier>
    </Filter>
    <Filter Include="소스 파일\gameData\Hero\Thief">
      <UniqueIdentifier>{127b7fc7-3684-46a8-820d-4a52af632ebb}</UniqueIdentifier>
    </Filter>
    <Filter Include="소스 파일\io\context">
      <UniqueIdentifier>{28082ff6-a56b-4b1d-bcf7-b9d375a18f7e}</UniqueIdentifier>
    </Filter>
    <Filter Include="소스 파일\gameData\Hero\Archer\skill">
      <UniqueIdentifier>{1fd74a29-d599-4a3a-8edb-18d9f8974d85}</UniqueIdentifier>
    </Filter>
    <Filter Include="소스 파일\gameData\Hero\Fighter\skill">
      <UniqueIdentifier>{4938833b-c868-4fdb-8537-38a7e73cb447}</UniqueIdentifier>
    </Filter>
    <Filter Include="소스 파일\gameData\Hero\Magician\skill">
      <UniqueIdentifier>{aa764192-9647-4cc5-bfcd-8203803673c1}</UniqueIdentifier>
    </Filter>
    <Filter Include="소스 파일\gameData\Hero\Monk\skill">
      <UniqueIdentifier>{c750edc3-73c9-4657-a5fc-aa3ecdd90d21}</UniqueIdentifier>
    </Filter>
    <Filter Include="소스 파일\gameData\Hero\Priest\skill">
      <UniqueIdentifier>{f97b1508-9d66-4fef-b202-72c16786b298}</UniqueIdentifier>
    </Filter>
    <Filter Include="소스 파일\gameData\Hero\Thief\skill">
      <UniqueIdentifier>{6e6c531f-7d50-42bb-82c0-5d3f98256043}</UniqueIdentifier>
    </Filter>
    <Filter Include="소스 파일\gameData\State">
      <UniqueIdentifier>{55579138-43ed-4086-a475-09f99c7df623}</UniqueIdentifier>
    </Filter>
  </ItemGroup>
  <ItemGroup>
    <ClCompile Include="..\..\Packet\pcPacket.h">
      <Filter>소스 파일\packet</Filter>
    </ClCompile>
    <ClCompile Include="ClientSession.cpp">
      <Filter>소스 파일\io</Filter>
    </ClCompile>
    <ClCompile Include="ClientSessionManager.cpp">
      <Filter>소스 파일\io</Filter>
    </ClCompile>
    <ClCompile Include="HmmoApplication.cpp">
      <Filter>소스 파일\io</Filter>
    </ClCompile>
    <ClCompile Include="LogicThread.cpp">
      <Filter>소스 파일\io</Filter>
    </ClCompile>
    <ClCompile Include="main.cpp">
      <Filter>소스 파일\main</Filter>
    </ClCompile>
    <ClCompile Include="GameManager.cpp">
      <Filter>소스 파일\game</Filter>
    </ClCompile>
    <ClCompile Include="Match.cpp">
      <Filter>소스 파일\game</Filter>
    </ClCompile>
    <ClCompile Include="Player.cpp">
      <Filter>소스 파일\game</Filter>
    </ClCompile>
    <ClCompile Include="Hero.cpp">
      <Filter>소스 파일\gameData\Hero</Filter>
    </ClCompile>
    <ClCompile Include="Fighter.cpp">
      <Filter>소스 파일\gameData\Hero\Fighter</Filter>
    </ClCompile>
    <ClCompile Include="Archer.cpp">
      <Filter>소스 파일\gameData\Hero\Archer</Filter>
    </ClCompile>
    <ClCompile Include="Magician.cpp">
      <Filter>소스 파일\gameData\Hero\Magician</Filter>
    </ClCompile>
    <ClCompile Include="Monk.cpp">
      <Filter>소스 파일\gameData\Hero\Monk</Filter>
    </ClCompile>
    <ClCompile Include="Priest.cpp">
      <Filter>소스 파일\gameData\Hero\Priest</Filter>
    </ClCompile>
    <ClCompile Include="Thief.cpp">
      <Filter>소스 파일\gameData\Hero\Thief</Filter>
    </ClCompile>
    <ClCompile Include="Skill.cpp">
      <Filter>소스 파일\gameData</Filter>
    </ClCompile>
    <ClCompile Include="LogicContext.cpp">
      <Filter>소스 파일\io\context</Filter>
    </ClCompile>
    <ClCompile Include="ThiefAttack.cpp">
      <Filter>소스 파일\gameData\Hero\Thief\skill</Filter>
    </ClCompile>
    <ClCompile Include="Heal.cpp">
      <Filter>소스 파일\gameData\Hero\Priest\skill</Filter>
    </ClCompile>
    <ClCompile Include="MonkAttack.cpp">
      <Filter>소스 파일\gameData\Hero\Monk\skill</Filter>
    </ClCompile>
    <ClCompile Include="ThunderStorm.cpp">
      <Filter>소스 파일\gameData\Hero\Magician\skill</Filter>
    </ClCompile>
    <ClCompile Include="FighterAttack.cpp">
      <Filter>소스 파일\gameData\Hero\Fighter\skill</Filter>
    </ClCompile>
    <ClCompile Include="Charge.cpp">
      <Filter>소스 파일\gameData\Hero\Fighter\skill</Filter>
    </ClCompile>
    <ClCompile Include="ArcherAttack.cpp">
      <Filter>소스 파일\gameData\Hero\Archer\skill</Filter>
    </ClCompile>
    <ClCompile Include="State.cpp">
      <Filter>소스 파일\gameData</Filter>
    </ClCompile>
    <ClCompile Include="Burn.cpp">
      <Filter>소스 파일\gameData\State</Filter>
    </ClCompile>
    <ClCompile Include="FireBlast.cpp">
      <Filter>소스 파일\gameData\Hero\Magician\skill</Filter>
    </ClCompile>
    <ClCompile Include="BackStep.cpp">
      <Filter>소스 파일\gameData\Hero\Thief\skill</Filter>
    </ClCompile>
    <ClCompile Include="Poison.cpp">
      <Filter>소스 파일\gameData\Hero\Thief\skill</Filter>
    </ClCompile>
    <ClCompile Include="Taunt.cpp">
      <Filter>소스 파일\gameData\Hero\Thief\skill</Filter>
    </ClCompile>
    <ClCompile Include="BackAttack.cpp">
      <Filter>소스 파일\gameData\Hero\Archer\skill</Filter>
    </ClCompile>
    <ClCompile Include="Snipe.cpp">
      <Filter>소스 파일\gameData\Hero\Archer\skill</Filter>
    </ClCompile>
    <ClCompile Include="PriestAttack.cpp">
      <Filter>소스 파일\gameData\Hero\Priest\skill</Filter>
    </ClCompile>
    <ClCompile Include="Buff.cpp">
      <Filter>소스 파일\gameData\Hero\Priest\skill</Filter>
    </ClCompile>
    <ClCompile Include="RemoveMagic.cpp">
      <Filter>소스 파일\gameData\Hero\Priest\skill</Filter>
    </ClCompile>
    <ClCompile Include="Pray.cpp">
      <Filter>소스 파일\gameData\Hero\Monk\skill</Filter>
    </ClCompile>
    <ClCompile Include="Kick.cpp">
      <Filter>소스 파일\gameData\Hero\Monk\skill</Filter>
    </ClCompile>
    <ClCompile Include="PenetrateShot.cpp">
      <Filter>소스 파일\gameData\Hero\Archer\skill</Filter>
    </ClCompile>
    <ClCompile Include="IceArrow.cpp">
      <Filter>소스 파일\gameData\Hero\Magician\skill</Filter>
    </ClCompile>
    <ClCompile Include="PoisonState.cpp">
      <Filter>소스 파일\gameData\State</Filter>
    </ClCompile>
  </ItemGroup>
  <ItemGroup>
    <ClInclude Include="ClientSession.h">
      <Filter>소스 파일\io</Filter>
    </ClInclude>
    <ClInclude Include="ClientSessionManager.h">
      <Filter>소스 파일\io</Filter>
    </ClInclude>
    <ClInclude Include="HmmoApplication.h">
      <Filter>소스 파일\io</Filter>
    </ClInclude>
    <ClInclude Include="LogicThread.h">
      <Filter>소스 파일\io</Filter>
    </ClInclude>
    <ClInclude Include="GameManager.h">
      <Filter>소스 파일\game</Filter>
    </ClInclude>
    <ClInclude Include="Match.h">
      <Filter>소스 파일\game</Filter>
    </ClInclude>
    <ClInclude Include="Player.h">
      <Filter>소스 파일\game</Filter>
    </ClInclude>
    <ClInclude Include="Types.h">
      <Filter>소스 파일\main</Filter>
    </ClInclude>
    <ClInclude Include="Hero.h">
      <Filter>소스 파일\gameData\Hero</Filter>
    </ClInclude>
    <ClInclude Include="Fighter.h">
      <Filter>소스 파일\gameData\Hero\Fighter</Filter>
    </ClInclude>
    <ClInclude Include="Skill.h">
      <Filter>소스 파일\gameData</Filter>
    </ClInclude>
    <ClInclude Include="Archer.h">
      <Filter>소스 파일\gameData\Hero\Archer</Filter>
    </ClInclude>
    <ClInclude Include="Magician.h">
      <Filter>소스 파일\gameData\Hero\Magician</Filter>
    </ClInclude>
    <ClInclude Include="Monk.h">
      <Filter>소스 파일\gameData\Hero\Monk</Filter>
    </ClInclude>
    <ClInclude Include="Priest.h">
      <Filter>소스 파일\gameData\Hero\Priest</Filter>
    </ClInclude>
    <ClInclude Include="Thief.h">
      <Filter>소스 파일\gameData\Hero\Thief</Filter>
    </ClInclude>
    <ClInclude Include="LogicContext.h">
      <Filter>소스 파일\io\context</Filter>
    </ClInclude>
    <ClInclude Include="ThiefAttack.h">
      <Filter>소스 파일\gameData\Hero\Thief\skill</Filter>
    </ClInclude>
    <ClInclude Include="Heal.h">
      <Filter>소스 파일\gameData\Hero\Priest\skill</Filter>
    </ClInclude>
    <ClInclude Include="MonkAttack.h">
      <Filter>소스 파일\gameData\Hero\Monk\skill</Filter>
    </ClInclude>
    <ClInclude Include="ThunderStorm.h">
      <Filter>소스 파일\gameData\Hero\Magician\skill</Filter>
    </ClInclude>
    <ClInclude Include="FighterAttack.h">
      <Filter>소스 파일\gameData\Hero\Fighter\skill</Filter>
    </ClInclude>
    <ClInclude Include="Charge.h">
      <Filter>소스 파일\gameData\Hero\Fighter\skill</Filter>
    </ClInclude>
    <ClInclude Include="ArcherAttack.h">
      <Filter>소스 파일\gameData\Hero\Archer\skill</Filter>
    </ClInclude>
    <ClInclude Include="State.h">
      <Filter>소스 파일\gameData</Filter>
    </ClInclude>
    <ClInclude Include="Burn.h">
      <Filter>소스 파일\gameData\State</Filter>
    </ClInclude>
    <ClInclude Include="FireBlast.h">
      <Filter>소스 파일\gameData\Hero\Magician\skill</Filter>
    </ClInclude>
    <ClInclude Include="BackStep.h">
      <Filter>소스 파일\gameData\Hero\Thief\skill</Filter>
    </ClInclude>
    <ClInclude Include="Poison.h">
      <Filter>소스 파일\gameData\Hero\Thief\skill</Filter>
    </ClInclude>
    <ClInclude Include="Taunt.h">
      <Filter>소스 파일\gameData\Hero\Thief\skill</Filter>
    </ClInclude>
    <ClInclude Include="BackAttack.h">
      <Filter>소스 파일\gameData\Hero\Archer\skill</Filter>
    </ClInclude>
    <ClInclude Include="PenetrateShot.h">
      <Filter>소스 파일\gameData\Hero\Archer\skill</Filter>
    </ClInclude>
    <ClInclude Include="Snipe.h">
      <Filter>소스 파일\gameData\Hero\Archer\skill</Filter>
    </ClInclude>
    <ClInclude Include="PriestAttack.h">
      <Filter>소스 파일\gameData\Hero\Priest\skill</Filter>
    </ClInclude>
    <ClInclude Include="Buff.h">
      <Filter>소스 파일\gameData\Hero\Priest\skill</Filter>
    </ClInclude>
    <ClInclude Include="RemoveMagic.h">
      <Filter>소스 파일\gameData\Hero\Priest\skill</Filter>
    </ClInclude>
    <ClInclude Include="Pray.h">
      <Filter>소스 파일\gameData\Hero\Monk\skill</Filter>
    </ClInclude>
    <ClInclude Include="Kick.h">
      <Filter>소스 파일\gameData\Hero\Monk\skill</Filter>
    </ClInclude>
    <ClInclude Include="IceArrow.h">
      <Filter>소스 파일\gameData\Hero\Magician\skill</Filter>
    </ClInclude>
    <ClInclude Include="PoisonState.h">
      <Filter>소스 파일\gameData\State</Filter>
    </ClInclude>
  </ItemGroup>
  <ItemGroup>
    <None Include="..\..\Packet\simplePacket.py">
      <Filter>소스 파일\packet</Filter>
    </None>
  </ItemGroup>
</Project>